// !$*UTF8*$!
{
	archiveVersion = 1;
	classes = {
	};
	objectVersion = 46;
	objects = {

/* Begin PBXBuildFile section */
		A1D0A0F51BE0E8A4008D619E /* DCCViewModelToReactTo.m in Sources */ = {isa = PBXBuildFile; fileRef = A1D58EA81BDB8371008F72D8 /* DCCViewModelToReactTo.m */; settings = {ASSET_TAGS = (); }; };
		A1D58E761BDB64DB008F72D8 /* main.m in Sources */ = {isa = PBXBuildFile; fileRef = A1D58E751BDB64DB008F72D8 /* main.m */; };
		A1D58E791BDB64DB008F72D8 /* AppDelegate.m in Sources */ = {isa = PBXBuildFile; fileRef = A1D58E781BDB64DB008F72D8 /* AppDelegate.m */; };
		A1D58E7C1BDB64DB008F72D8 /* DCCReactiveViewController.m in Sources */ = {isa = PBXBuildFile; fileRef = A1D58E7B1BDB64DB008F72D8 /* DCCReactiveViewController.m */; };
		A1D58E7F1BDB64DB008F72D8 /* Main.storyboard in Resources */ = {isa = PBXBuildFile; fileRef = A1D58E7D1BDB64DB008F72D8 /* Main.storyboard */; };
		A1D58E811BDB64DB008F72D8 /* Assets.xcassets in Resources */ = {isa = PBXBuildFile; fileRef = A1D58E801BDB64DB008F72D8 /* Assets.xcassets */; };
		A1D58E841BDB64DB008F72D8 /* LaunchScreen.storyboard in Resources */ = {isa = PBXBuildFile; fileRef = A1D58E821BDB64DB008F72D8 /* LaunchScreen.storyboard */; };
		A1D58E8E1BDB6979008F72D8 /* DCCPropertyReactor.m in Sources */ = {isa = PBXBuildFile; fileRef = A1D58E8D1BDB6979008F72D8 /* DCCPropertyReactor.m */; settings = {ASSET_TAGS = (); }; };
		A1D58E921BDB6C6C008F72D8 /* NSObject+DCCObserverRemovalHelper.m in Sources */ = {isa = PBXBuildFile; fileRef = A1D58E911BDB6C6C008F72D8 /* NSObject+DCCObserverRemovalHelper.m */; settings = {ASSET_TAGS = (); }; };
		A1D58EA41BDB8261008F72D8 /* DCCPropertyReactingTestCase.m in Sources */ = {isa = PBXBuildFile; fileRef = A1D58EA31BDB8261008F72D8 /* DCCPropertyReactingTestCase.m */; settings = {ASSET_TAGS = (); }; };
		A1D58EB01BDF81B4008F72D8 /* DCCReactiveExamplePresentationControl.m in Sources */ = {isa = PBXBuildFile; fileRef = A1D58EAF1BDF81B4008F72D8 /* DCCReactiveExamplePresentationControl.m */; settings = {ASSET_TAGS = (); }; };
/* End PBXBuildFile section */

/* Begin PBXContainerItemProxy section */
		A1D58E9C1BDB81A0008F72D8 /* PBXContainerItemProxy */ = {
			isa = PBXContainerItemProxy;
			containerPortal = A1D58E691BDB64DB008F72D8 /* Project object */;
			proxyType = 1;
			remoteGlobalIDString = A1D58E701BDB64DB008F72D8;
			remoteInfo = PropertyReact;
		};
/* End PBXContainerItemProxy section */

/* Begin PBXFileReference section */
		A1D58E711BDB64DB008F72D8 /* DCCPropertyReactor.app */ = {isa = PBXFileReference; explicitFileType = wrapper.application; includeInIndex = 0; path = DCCPropertyReactor.app; sourceTree = BUILT_PRODUCTS_DIR; };
		A1D58E751BDB64DB008F72D8 /* main.m */ = {isa = PBXFileReference; lastKnownFileType = sourcecode.c.objc; path = main.m; sourceTree = "<group>"; };
		A1D58E771BDB64DB008F72D8 /* AppDelegate.h */ = {isa = PBXFileReference; lastKnownFileType = sourcecode.c.h; path = AppDelegate.h; sourceTree = "<group>"; };
		A1D58E781BDB64DB008F72D8 /* AppDelegate.m */ = {isa = PBXFileReference; lastKnownFileType = sourcecode.c.objc; path = AppDelegate.m; sourceTree = "<group>"; };
		A1D58E7A1BDB64DB008F72D8 /* DCCReactiveViewController.h */ = {isa = PBXFileReference; lastKnownFileType = sourcecode.c.h; path = DCCReactiveViewController.h; sourceTree = "<group>"; };
		A1D58E7B1BDB64DB008F72D8 /* DCCReactiveViewController.m */ = {isa = PBXFileReference; lastKnownFileType = sourcecode.c.objc; path = DCCReactiveViewController.m; sourceTree = "<group>"; };
		A1D58E7E1BDB64DB008F72D8 /* Base */ = {isa = PBXFileReference; lastKnownFileType = file.storyboard; name = Base; path = Base.lproj/Main.storyboard; sourceTree = "<group>"; };
		A1D58E801BDB64DB008F72D8 /* Assets.xcassets */ = {isa = PBXFileReference; lastKnownFileType = folder.assetcatalog; path = Assets.xcassets; sourceTree = "<group>"; };
		A1D58E831BDB64DB008F72D8 /* Base */ = {isa = PBXFileReference; lastKnownFileType = file.storyboard; name = Base; path = Base.lproj/LaunchScreen.storyboard; sourceTree = "<group>"; };
		A1D58E851BDB64DB008F72D8 /* Info.plist */ = {isa = PBXFileReference; lastKnownFileType = text.plist.xml; path = Info.plist; sourceTree = "<group>"; };
		A1D58E8C1BDB6979008F72D8 /* DCCPropertyReactor.h */ = {isa = PBXFileReference; fileEncoding = 4; lastKnownFileType = sourcecode.c.h; path = DCCPropertyReactor.h; sourceTree = "<group>"; };
		A1D58E8D1BDB6979008F72D8 /* DCCPropertyReactor.m */ = {isa = PBXFileReference; fileEncoding = 4; lastKnownFileType = sourcecode.c.objc; path = DCCPropertyReactor.m; sourceTree = "<group>"; };
		A1D58E8F1BDB6C29008F72D8 /* DCCObservableObject.h */ = {isa = PBXFileReference; fileEncoding = 4; lastKnownFileType = sourcecode.c.h; path = DCCObservableObject.h; sourceTree = "<group>"; };
		A1D58E901BDB6C6C008F72D8 /* NSObject+DCCObserverRemovalHelper.h */ = {isa = PBXFileReference; fileEncoding = 4; lastKnownFileType = sourcecode.c.h; path = "NSObject+DCCObserverRemovalHelper.h"; sourceTree = "<group>"; };
		A1D58E911BDB6C6C008F72D8 /* NSObject+DCCObserverRemovalHelper.m */ = {isa = PBXFileReference; fileEncoding = 4; lastKnownFileType = sourcecode.c.objc; path = "NSObject+DCCObserverRemovalHelper.m"; sourceTree = "<group>"; };
		A1D58E971BDB81A0008F72D8 /* DCCPropertyReactor.xctest */ = {isa = PBXFileReference; explicitFileType = wrapper.cfbundle; includeInIndex = 0; path = DCCPropertyReactor.xctest; sourceTree = BUILT_PRODUCTS_DIR; };
		A1D58E9B1BDB81A0008F72D8 /* Info.plist */ = {isa = PBXFileReference; lastKnownFileType = text.plist.xml; path = Info.plist; sourceTree = "<group>"; };
		A1D58EA31BDB8261008F72D8 /* DCCPropertyReactingTestCase.m */ = {isa = PBXFileReference; fileEncoding = 4; lastKnownFileType = sourcecode.c.objc; path = DCCPropertyReactingTestCase.m; sourceTree = "<group>"; };
		A1D58EA51BDB8300008F72D8 /* DCCExampleViewModel.h */ = {isa = PBXFileReference; fileEncoding = 4; lastKnownFileType = sourcecode.c.h; path = DCCExampleViewModel.h; sourceTree = "<group>"; };
		A1D58EA71BDB8371008F72D8 /* DCCViewModelToReactTo.h */ = {isa = PBXFileReference; fileEncoding = 4; lastKnownFileType = sourcecode.c.h; path = DCCViewModelToReactTo.h; sourceTree = "<group>"; };
		A1D58EA81BDB8371008F72D8 /* DCCViewModelToReactTo.m */ = {isa = PBXFileReference; fileEncoding = 4; lastKnownFileType = sourcecode.c.objc; path = DCCViewModelToReactTo.m; sourceTree = "<group>"; };
		A1D58EAE1BDF81B4008F72D8 /* DCCReactiveExamplePresentationControl.h */ = {isa = PBXFileReference; fileEncoding = 4; lastKnownFileType = sourcecode.c.h; path = DCCReactiveExamplePresentationControl.h; sourceTree = "<group>"; };
		A1D58EAF1BDF81B4008F72D8 /* DCCReactiveExamplePresentationControl.m */ = {isa = PBXFileReference; fileEncoding = 4; lastKnownFileType = sourcecode.c.objc; path = DCCReactiveExamplePresentationControl.m; sourceTree = "<group>"; };
/* End PBXFileReference section */

/* Begin PBXFrameworksBuildPhase section */
		A1D58E6E1BDB64DB008F72D8 /* Frameworks */ = {
			isa = PBXFrameworksBuildPhase;
			buildActionMask = 2147483647;
			files = (
			);
			runOnlyForDeploymentPostprocessing = 0;
		};
		A1D58E941BDB81A0008F72D8 /* Frameworks */ = {
			isa = PBXFrameworksBuildPhase;
			buildActionMask = 2147483647;
			files = (
			);
			runOnlyForDeploymentPostprocessing = 0;
		};
/* End PBXFrameworksBuildPhase section */

/* Begin PBXGroup section */
		A1D58E681BDB64DB008F72D8 = {
			isa = PBXGroup;
			children = (
				A1D58E731BDB64DB008F72D8 /* DCCPropertyReactor */,
				A1D58E981BDB81A0008F72D8 /* DCCPropertyReactorTests */,
				A1D58E721BDB64DB008F72D8 /* Products */,
			);
			sourceTree = "<group>";
		};
		A1D58E721BDB64DB008F72D8 /* Products */ = {
			isa = PBXGroup;
			children = (
				A1D58E711BDB64DB008F72D8 /* DCCPropertyReactor.app */,
				A1D58E971BDB81A0008F72D8 /* DCCPropertyReactor.xctest */,
			);
			name = Products;
			sourceTree = "<group>";
		};
		A1D58E731BDB64DB008F72D8 /* DCCPropertyReactor */ = {
			isa = PBXGroup;
			children = (
				A1D58E8B1BDB6527008F72D8 /* DCCPropertyReactor */,
				A1D58EAA1BDF7D9C008F72D8 /* Example */,
			);
			path = DCCPropertyReactor;
			sourceTree = "<group>";
		};
		A1D58E741BDB64DB008F72D8 /* Supporting Files */ = {
			isa = PBXGroup;
			children = (
				A1D58E751BDB64DB008F72D8 /* main.m */,
			);
			path = "Supporting Files";
			sourceTree = "<group>";
		};
		A1D58E8B1BDB6527008F72D8 /* DCCPropertyReactor */ = {
			isa = PBXGroup;
			children = (
				A1D58E8F1BDB6C29008F72D8 /* DCCObservableObject.h */,
				A1D58E8C1BDB6979008F72D8 /* DCCPropertyReactor.h */,
				A1D58E8D1BDB6979008F72D8 /* DCCPropertyReactor.m */,
				A1D58E901BDB6C6C008F72D8 /* NSObject+DCCObserverRemovalHelper.h */,
				A1D58E911BDB6C6C008F72D8 /* NSObject+DCCObserverRemovalHelper.m */,
			);
			path = DCCPropertyReactor;
			sourceTree = "<group>";
		};
		A1D58E981BDB81A0008F72D8 /* DCCPropertyReactorTests */ = {
			isa = PBXGroup;
			children = (
				A1D58EA31BDB8261008F72D8 /* DCCPropertyReactingTestCase.m */,
				A1D58E9B1BDB81A0008F72D8 /* Info.plist */,
			);
			path = DCCPropertyReactorTests;
			sourceTree = "<group>";
		};
		A1D58EA61BDB8351008F72D8 /* ViewModel */ = {
			isa = PBXGroup;
			children = (
				A1D58EA51BDB8300008F72D8 /* DCCExampleViewModel.h */,
				A1D58EA71BDB8371008F72D8 /* DCCViewModelToReactTo.h */,
				A1D58EA81BDB8371008F72D8 /* DCCViewModelToReactTo.m */,
			);
			path = ViewModel;
			sourceTree = "<group>";
		};
		A1D58EAA1BDF7D9C008F72D8 /* Example */ = {
			isa = PBXGroup;
			children = (
				A1D58E741BDB64DB008F72D8 /* Supporting Files */,
				A1D58EA61BDB8351008F72D8 /* ViewModel */,
				A1D58E771BDB64DB008F72D8 /* AppDelegate.h */,
				A1D58E781BDB64DB008F72D8 /* AppDelegate.m */,
				A1D58E801BDB64DB008F72D8 /* Assets.xcassets */,
				A1D58EAE1BDF81B4008F72D8 /* DCCReactiveExamplePresentationControl.h */,
				A1D58EAF1BDF81B4008F72D8 /* DCCReactiveExamplePresentationControl.m */,
				A1D58E7A1BDB64DB008F72D8 /* DCCReactiveViewController.h */,
				A1D58E7B1BDB64DB008F72D8 /* DCCReactiveViewController.m */,
				A1D58E851BDB64DB008F72D8 /* Info.plist */,
				A1D58E821BDB64DB008F72D8 /* LaunchScreen.storyboard */,
				A1D58E7D1BDB64DB008F72D8 /* Main.storyboard */,
			);
			path = Example;
			sourceTree = "<group>";
		};
/* End PBXGroup section */

/* Begin PBXNativeTarget section */
		A1D58E701BDB64DB008F72D8 /* DCCPropertyReactor */ = {
			isa = PBXNativeTarget;
			buildConfigurationList = A1D58E881BDB64DB008F72D8 /* Build configuration list for PBXNativeTarget "DCCPropertyReactor" */;
			buildPhases = (
				A1D58E6D1BDB64DB008F72D8 /* Sources */,
				A1D58E6E1BDB64DB008F72D8 /* Frameworks */,
				A1D58E6F1BDB64DB008F72D8 /* Resources */,
			);
			buildRules = (
			);
			dependencies = (
			);
			name = DCCPropertyReactor;
			productName = PropertyReact;
			productReference = A1D58E711BDB64DB008F72D8 /* DCCPropertyReactor.app */;
			productType = "com.apple.product-type.application";
		};
		A1D58E961BDB81A0008F72D8 /* DCCPropertyReactorTests */ = {
			isa = PBXNativeTarget;
			buildConfigurationList = A1D58E9E1BDB81A0008F72D8 /* Build configuration list for PBXNativeTarget "DCCPropertyReactorTests" */;
			buildPhases = (
				A1D58E931BDB81A0008F72D8 /* Sources */,
				A1D58E941BDB81A0008F72D8 /* Frameworks */,
				A1D58E951BDB81A0008F72D8 /* Resources */,
			);
			buildRules = (
			);
			dependencies = (
				A1D58E9D1BDB81A0008F72D8 /* PBXTargetDependency */,
			);
			name = DCCPropertyReactorTests;
			productName = PropertyReactTests;
			productReference = A1D58E971BDB81A0008F72D8 /* DCCPropertyReactor.xctest */;
			productType = "com.apple.product-type.bundle.unit-test";
		};
/* End PBXNativeTarget section */

/* Begin PBXProject section */
		A1D58E691BDB64DB008F72D8 /* Project object */ = {
			isa = PBXProject;
			attributes = {
				LastUpgradeCheck = 0700;
				ORGANIZATIONNAME = Dolfn;
				TargetAttributes = {
					A1D58E701BDB64DB008F72D8 = {
						CreatedOnToolsVersion = 7.0.1;
					};
					A1D58E961BDB81A0008F72D8 = {
						CreatedOnToolsVersion = 7.0.1;
						TestTargetID = A1D58E701BDB64DB008F72D8;
					};
				};
			};
			buildConfigurationList = A1D58E6C1BDB64DB008F72D8 /* Build configuration list for PBXProject "DCCPropertyReactor" */;
			compatibilityVersion = "Xcode 3.2";
			developmentRegion = English;
			hasScannedForEncodings = 0;
			knownRegions = (
				en,
				Base,
			);
			mainGroup = A1D58E681BDB64DB008F72D8;
			productRefGroup = A1D58E721BDB64DB008F72D8 /* Products */;
			projectDirPath = "";
			projectRoot = "";
			targets = (
				A1D58E701BDB64DB008F72D8 /* DCCPropertyReactor */,
				A1D58E961BDB81A0008F72D8 /* DCCPropertyReactorTests */,
			);
		};
/* End PBXProject section */

/* Begin PBXResourcesBuildPhase section */
		A1D58E6F1BDB64DB008F72D8 /* Resources */ = {
			isa = PBXResourcesBuildPhase;
			buildActionMask = 2147483647;
			files = (
				A1D58E841BDB64DB008F72D8 /* LaunchScreen.storyboard in Resources */,
				A1D58E811BDB64DB008F72D8 /* Assets.xcassets in Resources */,
				A1D58E7F1BDB64DB008F72D8 /* Main.storyboard in Resources */,
			);
			runOnlyForDeploymentPostprocessing = 0;
		};
		A1D58E951BDB81A0008F72D8 /* Resources */ = {
			isa = PBXResourcesBuildPhase;
			buildActionMask = 2147483647;
			files = (
			);
			runOnlyForDeploymentPostprocessing = 0;
		};
/* End PBXResourcesBuildPhase section */

/* Begin PBXSourcesBuildPhase section */
		A1D58E6D1BDB64DB008F72D8 /* Sources */ = {
			isa = PBXSourcesBuildPhase;
			buildActionMask = 2147483647;
			files = (
				A1D58EB01BDF81B4008F72D8 /* DCCReactiveExamplePresentationControl.m in Sources */,
				A1D58E7C1BDB64DB008F72D8 /* DCCReactiveViewController.m in Sources */,
				A1D0A0F51BE0E8A4008D619E /* DCCViewModelToReactTo.m in Sources */,
				A1D58E791BDB64DB008F72D8 /* AppDelegate.m in Sources */,
				A1D58E921BDB6C6C008F72D8 /* NSObject+DCCObserverRemovalHelper.m in Sources */,
				A1D58E8E1BDB6979008F72D8 /* DCCPropertyReactor.m in Sources */,
				A1D58E761BDB64DB008F72D8 /* main.m in Sources */,
			);
			runOnlyForDeploymentPostprocessing = 0;
		};
		A1D58E931BDB81A0008F72D8 /* Sources */ = {
			isa = PBXSourcesBuildPhase;
			buildActionMask = 2147483647;
			files = (
				A1D58EA41BDB8261008F72D8 /* DCCPropertyReactingTestCase.m in Sources */,
			);
			runOnlyForDeploymentPostprocessing = 0;
		};
/* End PBXSourcesBuildPhase section */

/* Begin PBXTargetDependency section */
		A1D58E9D1BDB81A0008F72D8 /* PBXTargetDependency */ = {
			isa = PBXTargetDependency;
			target = A1D58E701BDB64DB008F72D8 /* DCCPropertyReactor */;
			targetProxy = A1D58E9C1BDB81A0008F72D8 /* PBXContainerItemProxy */;
		};
/* End PBXTargetDependency section */

/* Begin PBXVariantGroup section */
		A1D58E7D1BDB64DB008F72D8 /* Main.storyboard */ = {
			isa = PBXVariantGroup;
			children = (
				A1D58E7E1BDB64DB008F72D8 /* Base */,
			);
			name = Main.storyboard;
			path = .;
			sourceTree = "<group>";
		};
		A1D58E821BDB64DB008F72D8 /* LaunchScreen.storyboard */ = {
			isa = PBXVariantGroup;
			children = (
				A1D58E831BDB64DB008F72D8 /* Base */,
			);
			name = LaunchScreen.storyboard;
			path = .;
			sourceTree = "<group>";
		};
/* End PBXVariantGroup section */

/* Begin XCBuildConfiguration section */
		A1D58E861BDB64DB008F72D8 /* Debug */ = {
			isa = XCBuildConfiguration;
			buildSettings = {
				ALWAYS_SEARCH_USER_PATHS = NO;
				CLANG_CXX_LANGUAGE_STANDARD = "gnu++0x";
				CLANG_CXX_LIBRARY = "libc++";
				CLANG_ENABLE_MODULES = YES;
				CLANG_ENABLE_OBJC_ARC = YES;
				CLANG_WARN_BOOL_CONVERSION = YES;
				CLANG_WARN_CONSTANT_CONVERSION = YES;
				CLANG_WARN_DIRECT_OBJC_ISA_USAGE = YES_ERROR;
				CLANG_WARN_EMPTY_BODY = YES;
				CLANG_WARN_ENUM_CONVERSION = YES;
				CLANG_WARN_INT_CONVERSION = YES;
				CLANG_WARN_OBJC_ROOT_CLASS = YES_ERROR;
				CLANG_WARN_UNREACHABLE_CODE = YES;
				CLANG_WARN__DUPLICATE_METHOD_MATCH = YES;
				"CODE_SIGN_IDENTITY[sdk=iphoneos*]" = "iPhone Developer";
				COPY_PHASE_STRIP = NO;
				DEBUG_INFORMATION_FORMAT = dwarf;
				ENABLE_STRICT_OBJC_MSGSEND = YES;
				ENABLE_TESTABILITY = YES;
				GCC_C_LANGUAGE_STANDARD = gnu99;
				GCC_DYNAMIC_NO_PIC = NO;
				GCC_NO_COMMON_BLOCKS = YES;
				GCC_OPTIMIZATION_LEVEL = 0;
				GCC_PREPROCESSOR_DEFINITIONS = (
					"DEBUG=1",
					"$(inherited)",
				);
				GCC_WARN_64_TO_32_BIT_CONVERSION = YES;
				GCC_WARN_ABOUT_RETURN_TYPE = YES_ERROR;
				GCC_WARN_UNDECLARED_SELECTOR = YES;
				GCC_WARN_UNINITIALIZED_AUTOS = YES_AGGRESSIVE;
				GCC_WARN_UNUSED_FUNCTION = YES;
				GCC_WARN_UNUSED_VARIABLE = YES;
				IPHONEOS_DEPLOYMENT_TARGET = 9.0;
				MTL_ENABLE_DEBUG_INFO = YES;
				ONLY_ACTIVE_ARCH = YES;
				SDKROOT = iphoneos;
			};
			name = Debug;
		};
		A1D58E871BDB64DB008F72D8 /* Release */ = {
			isa = XCBuildConfiguration;
			buildSettings = {
				ALWAYS_SEARCH_USER_PATHS = NO;
				CLANG_CXX_LANGUAGE_STANDARD = "gnu++0x";
				CLANG_CXX_LIBRARY = "libc++";
				CLANG_ENABLE_MODULES = YES;
				CLANG_ENABLE_OBJC_ARC = YES;
				CLANG_WARN_BOOL_CONVERSION = YES;
				CLANG_WARN_CONSTANT_CONVERSION = YES;
				CLANG_WARN_DIRECT_OBJC_ISA_USAGE = YES_ERROR;
				CLANG_WARN_EMPTY_BODY = YES;
				CLANG_WARN_ENUM_CONVERSION = YES;
				CLANG_WARN_INT_CONVERSION = YES;
				CLANG_WARN_OBJC_ROOT_CLASS = YES_ERROR;
				CLANG_WARN_UNREACHABLE_CODE = YES;
				CLANG_WARN__DUPLICATE_METHOD_MATCH = YES;
				"CODE_SIGN_IDENTITY[sdk=iphoneos*]" = "iPhone Developer";
				COPY_PHASE_STRIP = NO;
				DEBUG_INFORMATION_FORMAT = "dwarf-with-dsym";
				ENABLE_NS_ASSERTIONS = NO;
				ENABLE_STRICT_OBJC_MSGSEND = YES;
				GCC_C_LANGUAGE_STANDARD = gnu99;
				GCC_NO_COMMON_BLOCKS = YES;
				GCC_WARN_64_TO_32_BIT_CONVERSION = YES;
				GCC_WARN_ABOUT_RETURN_TYPE = YES_ERROR;
				GCC_WARN_UNDECLARED_SELECTOR = YES;
				GCC_WARN_UNINITIALIZED_AUTOS = YES_AGGRESSIVE;
				GCC_WARN_UNUSED_FUNCTION = YES;
				GCC_WARN_UNUSED_VARIABLE = YES;
				IPHONEOS_DEPLOYMENT_TARGET = 9.0;
				MTL_ENABLE_DEBUG_INFO = NO;
				SDKROOT = iphoneos;
				VALIDATE_PRODUCT = YES;
			};
			name = Release;
		};
		A1D58E891BDB64DB008F72D8 /* Debug */ = {
			isa = XCBuildConfiguration;
			buildSettings = {
				ASSETCATALOG_COMPILER_APPICON_NAME = AppIcon;
				INFOPLIST_FILE = DCCPropertyReactor/Example/Info.plist;
				LD_RUNPATH_SEARCH_PATHS = "$(inherited) @executable_path/Frameworks";
				PRODUCT_BUNDLE_IDENTIFIER = com.dolfn.PropertyReactor;
				PRODUCT_NAME = DCCPropertyReactor;
			};
			name = Debug;
		};
		A1D58E8A1BDB64DB008F72D8 /* Release */ = {
			isa = XCBuildConfiguration;
			buildSettings = {
				ASSETCATALOG_COMPILER_APPICON_NAME = AppIcon;
				INFOPLIST_FILE = DCCPropertyReactor/Example/Info.plist;
				LD_RUNPATH_SEARCH_PATHS = "$(inherited) @executable_path/Frameworks";
				PRODUCT_BUNDLE_IDENTIFIER = com.dolfn.PropertyReactor;
				PRODUCT_NAME = DCCPropertyReactor;
			};
			name = Release;
		};
		A1D58E9F1BDB81A0008F72D8 /* Debug */ = {
			isa = XCBuildConfiguration;
			buildSettings = {
				BUNDLE_LOADER = "$(TEST_HOST)";
				INFOPLIST_FILE = DCCPropertyReactorTests/Info.plist;
				LD_RUNPATH_SEARCH_PATHS = "$(inherited) @executable_path/Frameworks @loader_path/Frameworks";
				PRODUCT_BUNDLE_IDENTIFIER = com.dolfn.PropertyReactTests;
				PRODUCT_NAME = DCCPropertyReactor;
				TEST_HOST = "$(BUILT_PRODUCTS_DIR)/DCCPropertyReactor.app/DCCPropertyReactor";
			};
			name = Debug;
		};
		A1D58EA01BDB81A0008F72D8 /* Release */ = {
			isa = XCBuildConfiguration;
			buildSettings = {
				BUNDLE_LOADER = "$(TEST_HOST)";
				INFOPLIST_FILE = DCCPropertyReactorTests/Info.plist;
				LD_RUNPATH_SEARCH_PATHS = "$(inherited) @executable_path/Frameworks @loader_path/Frameworks";
				PRODUCT_BUNDLE_IDENTIFIER = com.dolfn.PropertyReactTests;
				PRODUCT_NAME = DCCPropertyReactor;
				TEST_HOST = "$(BUILT_PRODUCTS_DIR)/DCCPropertyReactor.app/DCCPropertyReactor";
			};
			name = Release;
		};
/* End XCBuildConfiguration section */

/* Begin XCConfigurationList section */
		A1D58E6C1BDB64DB008F72D8 /* Build configuration list for PBXProject "DCCPropertyReactor" */ = {
			isa = XCConfigurationList;
			buildConfigurations = (
				A1D58E861BDB64DB008F72D8 /* Debug */,
				A1D58E871BDB64DB008F72D8 /* Release */,
			);
			defaultConfigurationIsVisible = 0;
			defaultConfigurationName = Release;
		};
		A1D58E881BDB64DB008F72D8 /* Build configuration list for PBXNativeTarget "DCCPropertyReactor" */ = {
			isa = XCConfigurationList;
			buildConfigurations = (
				A1D58E891BDB64DB008F72D8 /* Debug */,
				A1D58E8A1BDB64DB008F72D8 /* Release */,
			);
			defaultConfigurationIsVisible = 0;
			defaultConfigurationName = Release;
		};
		A1D58E9E1BDB81A0008F72D8 /* Build configuration list for PBXNativeTarget "DCCPropertyReactorTests" */ = {
			isa = XCConfigurationList;
			buildConfigurations = (
				A1D58E9F1BDB81A0008F72D8 /* Debug */,
				A1D58EA01BDB81A0008F72D8 /* Release */,
			);
			defaultConfigurationIsVisible = 0;
			defaultConfigurationName = Release;
		};
/* End XCConfigurationList section */
	};
	rootObject = A1D58E691BDB64DB008F72D8 /* Project object */;
}
